{
  "requires": true,
  "lockfileVersion": 1,
  "dependencies": {
    "data-base-node": {
      "version": "1.1.2",
      "resolved": "https://registry.npmjs.org/data-base-node/-/data-base-node-1.1.2.tgz",
      "integrity": "sha512-dPM9OKvsr3B9qoelRz9pni9aNVUUd/cxWqQOiBRMe5tIdQVZPfBZmyNfMssvout2f9IvOTKmBgHpunAoos3ErQ=="
    }
  }
}
